{
  "lockfile_version": "1",
  "packages": {
    "bun@1.2": {
      "last_modified": "2025-01-27T20:31:03Z",
      "resolved": "github:NixOS/nixpkgs/f898cbfddfab52593da301a397a17d0af801bbc3#bun",
      "source": "devbox-search",
      "version": "1.2.0",
      "systems": {
        "aarch64-darwin": {
          "outputs": [
            {
              "name": "out",
              "path": "/nix/store/xxfrmp6y0hpnbi0i4hiqlxs5q03z38ih-bun-1.2.0",
              "default": true
            }
          ],
          "store_path": "/nix/store/xxfrmp6y0hpnbi0i4hiqlxs5q03z38ih-bun-1.2.0"
        },
        "aarch64-linux": {
          "outputs": [
            {
              "name": "out",
              "path": "/nix/store/q2vlfs8ndyn11r81g9d6xqsvimn7swhi-bun-1.2.0",
              "default": true
            }
          ],
          "store_path": "/nix/store/q2vlfs8ndyn11r81g9d6xqsvimn7swhi-bun-1.2.0"
        },
        "x86_64-darwin": {
          "outputs": [
            {
              "name": "out",
              "path": "/nix/store/sa4jc9rnihflx9r27xgplsxz6mfwhgmi-bun-1.2.0",
              "default": true
            }
          ],
          "store_path": "/nix/store/sa4jc9rnihflx9r27xgplsxz6mfwhgmi-bun-1.2.0"
        },
        "x86_64-linux": {
          "outputs": [
            {
              "name": "out",
              "path": "/nix/store/738z8xcfqmxd60dc74n02bmc8awa0mrg-bun-1.2.0",
              "default": true
            }
          ],
          "store_path": "/nix/store/738z8xcfqmxd60dc74n02bmc8awa0mrg-bun-1.2.0"
        }
      }
    }
  }
}
