{
  "lockfile_version": "1",
  "packages": {
    "bun@1.1.42": {
      "last_modified": "2024-12-26T01:25:00Z",
      "resolved": "github:NixOS/nixpkgs/16e046229f3b4f53257973a5532bcbb72457d2f2#bun",
      "source": "devbox-search",
      "version": "1.1.42",
      "systems": {
        "aarch64-darwin": {
          "outputs": [
            {
              "name": "out",
              "path": "/nix/store/5c73vw31nbji92hggrgjnfi33wzhbxk3-bun-1.1.42",
              "default": true
            }
          ],
          "store_path": "/nix/store/5c73vw31nbji92hggrgjnfi33wzhbxk3-bun-1.1.42"
        },
        "aarch64-linux": {
          "outputs": [
            {
              "name": "out",
              "path": "/nix/store/shm69afh0zrm5r0gkpkj9l0z8l6vkpmr-bun-1.1.42",
              "default": true
            }
          ],
          "store_path": "/nix/store/shm69afh0zrm5r0gkpkj9l0z8l6vkpmr-bun-1.1.42"
        },
        "x86_64-darwin": {
          "outputs": [
            {
              "name": "out",
              "path": "/nix/store/70nzsdr814rka1b3qaxz8b4hfk8r6wi9-bun-1.1.42",
              "default": true
            }
          ],
          "store_path": "/nix/store/70nzsdr814rka1b3qaxz8b4hfk8r6wi9-bun-1.1.42"
        },
        "x86_64-linux": {
          "outputs": [
            {
              "name": "out",
              "path": "/nix/store/ws04zldxbkg26d4qkwyr4km1zd26mach-bun-1.1.42",
              "default": true
            }
          ],
          "store_path": "/nix/store/ws04zldxbkg26d4qkwyr4km1zd26mach-bun-1.1.42"
        }
      }
    }
  }
}
